# Generated by conda-lock.
# platform: linux-64
# input_hash: 9bdbe75c519c7d6c6e5537868f4e43f42aa1dfb3955fb72fbafbe0fa51154a33
@EXPLICIT
https://conda.anaconda.org/conda-forge/noarch/kernel-headers_linux-64-4.18.0-he073ed8_9.conda#86d9cba083cd041bfbf242a01a7a1999
https://conda.anaconda.org/conda-forge/noarch/python_abi-3.12-8_cp312.conda#c3efd25ac4d74b1584d2f7a57195ddf1
https://conda.anaconda.org/conda-forge/noarch/tzdata-2026c-h151e31d_0.conda#fcb489df604d100968b737f2cb6076c6
https://conda.anaconda.org/conda-forge/noarch/ca-certificates-2026.7.22-hbd8a1cb_0.conda#0f51e2391ade309db462a55611263e9c
https://conda.anaconda.org/conda-forge/noarch/libgcc-devel_linux-64-15.3.0-h2b852eb_104.conda#b206066f9a3900bf869ac1a964686c9c
https://conda.anaconda.org/conda-forge/linux-64/libgomp-16.2.0-he0feb66_4.conda#89d2c1231f47bd818f5d624b9411459d
https://conda.anaconda.org/conda-forge/noarch/libstdcxx-devel_linux-64-15.3.0-hb2c5482_104.conda#c428c727fc8697f18a140c676032f8f5
https://conda.anaconda.org/conda-forge/linux-64/libzlib-1.3.2-h25fd6f3_3.conda#0de0122d9570a8ab637c6b73db268389
https://conda.anaconda.org/conda-forge/noarch/sysroot_linux-64-2.28-h4ee821c_9.conda#13dc3adbc692664cd3beabd216434749
https://conda.anaconda.org/conda-forge/linux-64/_openmp_mutex-4.5-20_gnu.conda#a9f577daf3de00bca7c3c76c0ecbd1de
https://conda.anaconda.org/conda-forge/linux-64/zstd-1.5.7-hb78ec9c_7.conda#aa459086047c0e5e27023ab19f8cb86a
https://conda.anaconda.org/conda-forge/linux-64/ld_impl_linux-64-2.46.1-default_hbd61a6d_102.conda#449500f2c089da11c40f5c21312e3e07
https://conda.anaconda.org/conda-forge/linux-64/libgcc-16.2.0-ha9f2e26_4.conda#cba14d01083fc62ffd32c24d7d390633
https://conda.anaconda.org/conda-forge/linux-64/binutils_impl_linux-64-2.46.1-default_hfdba357_102.conda#a0c5e0b7f58c8ceeb08e5bc41251d5a2
https://conda.anaconda.org/conda-forge/linux-64/bzip2-1.0.8-hda65f42_10.conda#e675fabcf81499adc7edf58124fb1e01
https://conda.anaconda.org/conda-forge/linux-64/libcap-2.78-h084b8d7_1.conda#5db514adf5f843126ff846d1510f22a4
https://conda.anaconda.org/conda-forge/linux-64/libcxxabi-23.1.0-h9fd08b6_0.conda#c5ef26ce2303345d8d079761ff2c874f
https://conda.anaconda.org/conda-forge/linux-64/libexpat-2.8.1-hecca717_1.conda#b24d3c612f71e7aa74158d92106318b2
https://conda.anaconda.org/conda-forge/linux-64/libffi-3.7.0-h81df57d_1.conda#6525a0b06aa4fd390795f0740636a9dd
https://conda.anaconda.org/conda-forge/linux-64/libgfortran5-16.2.0-h6b99dfc_4.conda#c22348a769bb072b6184eb6f7f05e4f2
https://conda.anaconda.org/conda-forge/linux-64/liblzma-5.8.3-hb03c661_1.conda#1390b7c5ac0b1d8e447bc5efa6d3c8c2
https://conda.anaconda.org/conda-forge/linux-64/libnsl-2.0.1-hb9d3cd8_1.conda#d864d34357c3b65a4b731f78c0801dc4
https://conda.anaconda.org/conda-forge/linux-64/libsodium-1.0.22-hebe6cf0_2.conda#42c585f153c17b790cd01f01553d24a1
https://conda.anaconda.org/conda-forge/linux-64/libstdcxx-16.2.0-h934c35e_4.conda#2f2ef0d96de5bdd8c1270ff22fdf9352
https://conda.anaconda.org/conda-forge/linux-64/libta-lib-0.6.4-hb03c661_0.conda#aacbef40664f3809e8265ef7daf47177
https://conda.anaconda.org/conda-forge/linux-64/libuuid-2.42.2-h5347b49_0.conda#01bb81d12c957de066ea7362007df642
https://conda.anaconda.org/conda-forge/linux-64/libuv-1.52.1-h280c20c_1.conda#01c4ed87826af55996768af6dbc936b4
https://conda.anaconda.org/conda-forge/linux-64/libxcrypt-4.4.38-h280c20c_0.conda#f7a7ff5a6ab331e037abd34f379a631d
https://conda.anaconda.org/conda-forge/linux-64/make-4.4.1-hb03c661_3.conda#b4a198dc40024de2a59c1343e4ae4144
https://conda.anaconda.org/conda-forge/linux-64/ncurses-6.6-hdb14827_1.conda#ee6c0cd80a60961a1f48aa3e0b91f986
https://conda.anaconda.org/conda-forge/linux-64/openssl-3.6.4-h781a0a9_0.conda#16e3034a330cc625f2c685edec60cf4e
https://conda.anaconda.org/conda-forge/linux-64/tk-8.6.13-noxft_h1df4ec4_4.conda#676a2f9b1c4fcf57b70aa5c65f6c60d0
https://conda.anaconda.org/conda-forge/linux-64/yaml-0.2.5-hebe6cf0_3.conda#e741576fb8f89821ac7c1c537322a33d
https://conda.anaconda.org/conda-forge/linux-64/icu-78.3-py310h44b86e0_2.conda#72a381cbad04f24b1c2a43ef707f45b4
https://conda.anaconda.org/conda-forge/linux-64/libcxx-23.1.0-ha0f52bf_0.conda#4a82387f306dfd56e6dd7027c9959618
https://conda.anaconda.org/conda-forge/linux-64/libgfortran-16.2.0-h69a702a_4.conda#5e92b8413fd1c8f8f3006f4661b12def
https://conda.anaconda.org/conda-forge/linux-64/libsanitizer-15.3.0-h54950a5_4.conda#306fcd92c8f1cd7049bc6e361bd37f09
https://conda.anaconda.org/conda-forge/linux-64/libudev1-257.13-h084b8d7_1.conda#89e5671a076d99516a6acd72a35b1640
https://conda.anaconda.org/conda-forge/linux-64/readline-8.3-hd6e31c0_1.conda#69c01c781e7c8190bbdaf79e3848c5ca
https://conda.anaconda.org/conda-forge/linux-64/gcc_impl_linux-64-15.3.0-h6f13dc8_4.conda#b1f9f0b4a4697fd26c1fe3c7a1ac659f
https://conda.anaconda.org/conda-forge/linux-64/libopenblas-0.3.34-pthreads_h94d23a6_0.conda#c282d68f272927612462b5d626838ef1
https://conda.anaconda.org/conda-forge/linux-64/libsqlite-3.53.4-h13e7031_1.conda#e72bbec309c2b0f37823ee7d4fabfcd3
https://conda.anaconda.org/conda-forge/linux-64/libusb-1.0.29-h73b1eb8_0.conda#d17e3fb595a9f24fa9e149239a33475d
https://conda.anaconda.org/conda-forge/linux-64/conda-gcc-specs-15.3.0-h8846f6e_4.conda#4bfbca2f3bfcdf6d78a339cfd5368fce
https://conda.anaconda.org/conda-forge/linux-64/gxx_impl_linux-64-15.3.0-h90d9265_4.conda#9a6fbf3da4dd624b8382e096bbca10f4
https://conda.anaconda.org/conda-forge/linux-64/libblas-3.11.0-9_h4a7cf45_openblas.conda#f5c4b041925dea221dc4bad2e50569d9
https://conda.anaconda.org/conda-forge/linux-64/python-3.12.14-h8ab3286_0_cpython.conda#e9dcdd23a1c68738eb3257d23d5f7285
https://conda.anaconda.org/conda-forge/noarch/annotated-doc-0.0.5-pyhcf101f3_0.conda#d68ec17cb915cab4642357417ec0a104
https://conda.anaconda.org/conda-forge/linux-64/backports.zstd-1.7.0-py312h3f22e6b_0.conda#e7eb25765bdf21397cc6e30828871625
https://conda.anaconda.org/conda-forge/linux-64/bcrypt-5.0.0-py312h868fb18_1.conda#8fbbd949c452efde5a75b62b22a88938
https://conda.anaconda.org/conda-forge/linux-64/brotli-python-1.2.0-py312he9c40d5_3.conda#d176f3ed2824f930b524c45eb8f158bb
https://conda.anaconda.org/conda-forge/noarch/certifi-2026.7.22-pyhd8ed1ab_0.conda#37e13edbe3b48f1095a9d085ef9cd83b
https://conda.anaconda.org/conda-forge/noarch/charset-normalizer-3.5.1-pyhd8ed1ab_0.conda#e0ac3accc64e23e40969d660e5f58ac8
https://conda.anaconda.org/conda-forge/noarch/click-8.4.2-pyhc90fa1f_0.conda#2c4bd6aeb90bb157456841c3270a0d92
https://conda.anaconda.org/conda-forge/noarch/colorama-0.4.6-pyhd8ed1ab_1.conda#962b9857ee8e7018c22f2776ffa0b2d7
https://conda.anaconda.org/conda-forge/linux-64/cython-3.3.0-py312h03570ca_0.conda#b2498aa25d1654210448beb48fdce604
https://conda.anaconda.org/conda-forge/linux-64/fastar-0.12.0-py312h15b83fc_0.conda#e41be4799f33feee91edc6ff1875dcba
https://conda.anaconda.org/conda-forge/linux-64/gcc-15.3.0-hc6a0c74_4.conda#cd390c3b900677ec6b0fdd729173125d
https://conda.anaconda.org/conda-forge/noarch/hpack-4.2.0-pyhd8ed1ab_0.conda#b395909221b9bd1df066e5930e18855b
https://conda.anaconda.org/conda-forge/linux-64/httptools-0.8.0-py312h5cc1888_1.conda#dc91708aff042d95117f4645b91edacb
https://conda.anaconda.org/conda-forge/noarch/hyperframe-6.1.0-pyhd8ed1ab_0.conda#8e6923fc12f1fe8f8c4e5c9f343256ac
https://conda.anaconda.org/conda-forge/noarch/idna-3.19-pyhcf101f3_0.conda#a39ae05027e9b707742e41b30d296b75
https://conda.anaconda.org/conda-forge/noarch/invoke-3.0.3-pyhd8ed1ab_0.conda#4dee387356d58bdc4b686ae3424fbd9e
https://conda.anaconda.org/conda-forge/noarch/jmespath-1.1.0-pyhcf101f3_1.conda#cc73a9bd315659dc5307a5270f44786f
https://conda.anaconda.org/conda-forge/linux-64/libcblas-3.11.0-9_h0358290_openblas.conda#092c5649f3727af436ab0f67f48c3811
https://conda.anaconda.org/conda-forge/linux-64/liblapack-3.11.0-9_h47877c9_openblas.conda#e51473c2b7e1f9cb61daafccfd912abf
https://conda.anaconda.org/conda-forge/linux-64/llvmlite-0.49.0-py312hb491018_2.conda#77579ddce0dd5f85915bc30259fda6e3
https://conda.anaconda.org/conda-forge/linux-64/markupsafe-3.0.3-py312h8a5da7c_1.conda#93a4752d42b12943a355b682ee43285b
https://conda.anaconda.org/conda-forge/noarch/mdurl-0.1.2-pyhd8ed1ab_1.conda#592132998493b3ff25fd7479396e8351
https://conda.anaconda.org/conda-forge/noarch/packaging-26.3-pyhc364b38_0.conda#936687ed80f295a1f5dbcf8bd34c252c
https://conda.anaconda.org/conda-forge/linux-64/psutil-7.2.2-py312h1b36aeb_1.conda#1653ce584b7859810f116e592eba9c0c
https://conda.anaconda.org/conda-forge/noarch/pycparser-3.0-pyhcf101f3_0.conda#9c5491066224083c41b6d5635ed7107b
https://conda.anaconda.org/conda-forge/noarch/pygments-2.21.0-pyhcf101f3_0.conda#2882dee445dfa45b0c5afce3ffb7730a
https://conda.anaconda.org/conda-forge/noarch/pysocks-1.7.1-pyha55dd90_7.conda#461219d1a5bd61342293efa2c0c90eac
https://conda.anaconda.org/conda-forge/noarch/python-dotenv-1.2.3-pyhcf101f3_0.conda#b55edb60d527ce56226a1026abcb3e2c
https://conda.anaconda.org/conda-forge/noarch/python-multipart-0.0.32-pyhcf101f3_0.conda#f54d00b369042e8e0e235b1a1a817487
https://conda.anaconda.org/conda-forge/linux-64/pywin32-312-py312h20c3967_1.conda#7301a538a24d3d750863feedc6ebe278
https://conda.anaconda.org/conda-forge/linux-64/pyyaml-6.0.3-py312h8a5da7c_1.conda#15878599a87992e44c059731771591cb
https://conda.anaconda.org/conda-forge/noarch/setuptools-84.0.0-pyh332efcf_0.conda#62ac906f1cd582c6c264c95625cb9d6f
https://conda.anaconda.org/conda-forge/noarch/shellingham-1.5.4-pyhd8ed1ab_2.conda#83ea3a2ddb7a75c1b09cea582aa4f106
https://conda.anaconda.org/conda-forge/noarch/six-1.17.0-pyhe01879c_1.conda#3339e3b65d58accf4ca4fb8748ab16b3
https://conda.anaconda.org/conda-forge/noarch/sniffio-1.3.1-pyhd8ed1ab_2.conda#03fe290994c5e4ec17293cfb6bdce520
https://conda.anaconda.org/conda-forge/noarch/tomli-2.4.1-pyhcf101f3_0.conda#b5325cf06a000c5b14970462ff5e4d58
https://conda.anaconda.org/conda-forge/noarch/tqdm-4.70.0-pyh8f84b5b_0.conda#00953c3b729e03b0ae21f49fdf3441bb
https://conda.anaconda.org/conda-forge/noarch/typing_extensions-4.16.0-pyhcf101f3_0.conda#c70ad746c22219b9700931707482992c
https://conda.anaconda.org/conda-forge/linux-64/uvloop-0.22.1-py312h4c3975b_1.conda#bdfc3f5345f9a16c63ba18e50c292e08
https://conda.anaconda.org/conda-forge/noarch/websocket-client-1.9.0-pyhd8ed1ab_0.conda#2f1ed718fcd829c184a6d4f0f2e07409
https://conda.anaconda.org/conda-forge/linux-64/websockets-17.1-py312h89dfda2_0.conda#1f686418c57f938f1e2d22cca1bd3502
https://conda.anaconda.org/conda-forge/linux-64/c-compiler-2.0.0-ha29393d_0.conda#b08763a8d93f2ba35bbf956dab90950b
https://conda.anaconda.org/conda-forge/linux-64/cffi-2.1.1-py312h703531f_2.conda#3101547f7c22db267bd40988f67d7ab1
https://conda.anaconda.org/conda-forge/noarch/dnspython-2.8.0-pyhcf101f3_0.conda#d73fdc05f10693b518f52c994d748c19
https://conda.anaconda.org/conda-forge/noarch/exceptiongroup-1.3.1-pyhd8ed1ab_0.conda#8e662bd460bda79b1ea39194e3c4c9ab
https://conda.anaconda.org/conda-forge/linux-64/gxx-15.3.0-hc6a0c74_4.conda#2264c7beb16d977423e8ebd69f44be88
https://conda.anaconda.org/conda-forge/noarch/h11-0.16.0-pyhcf101f3_1.conda#b8993c19b0c32a2f7b66cbb58ca27069
https://conda.anaconda.org/conda-forge/noarch/h2-4.4.1-pyhcf101f3_0.conda#e652ac7756069c456d0da2a922cd7df5
https://conda.anaconda.org/conda-forge/noarch/jinja2-3.1.6-pyhcf101f3_1.conda#04558c96691bed63104678757beb4f8d
https://conda.anaconda.org/conda-forge/noarch/markdown-it-py-4.2.0-pyhd8ed1ab_0.conda#6d03368f2b2b0a5fb6839df53b2eb5e0
https://conda.anaconda.org/conda-forge/linux-64/numpy-2.5.2-py312h33ff503_0.conda#3e15aca2584b6c69dc09ba2aa5ae1503
https://conda.anaconda.org/conda-forge/noarch/python-dateutil-2.9.0.post0-pyhe01879c_2.conda#5b8d21249ff20967101ffa321cab24e8
https://conda.anaconda.org/conda-forge/noarch/typing-extensions-4.16.0-h69aa097_0.conda#c680b5747e8c4c8f23dca0bb7042a8fc
https://conda.anaconda.org/conda-forge/noarch/typing-inspection-0.4.4-pyhcf101f3_0.conda#880e91eac5d926568ef278e20554148e
https://conda.anaconda.org/conda-forge/noarch/wheel-0.48.0-pyhd8ed1ab_0.conda#9a2124517bfd5d792e0f7b86eefdfeb8
https://conda.anaconda.org/conda-forge/noarch/annotated-types-0.8.0-pyhd8ed1ab_0.conda#108c928d2a8551832dbc762b535e90bb
https://conda.anaconda.org/conda-forge/noarch/anyio-4.14.2-pyhcf101f3_0.conda#fb568fbae6908ba86a090a85a089d11f
https://conda.anaconda.org/conda-forge/linux-64/cryptography-50.0.0-py312h89f293a_0.conda#0cbe168d805dd3e1050fbe47ca8d96c8
https://conda.anaconda.org/conda-forge/linux-64/cxx-compiler-2.0.0-hdab9b82_0.conda#923dacbfd97122c65c97a35f6e959ab8
https://conda.anaconda.org/conda-forge/noarch/email-validator-2.3.0-pyhd8ed1ab_0.conda#3bc0ac31178387e8ed34094d9481bfe8
https://conda.anaconda.org/conda-forge/linux-64/numba-0.67.0-py312h80505a6_1.conda#c5a5f2e76e1dbb4372f73aed9779fd5d
https://conda.anaconda.org/conda-forge/linux-64/pandas-3.0.5-py312h8ecdadd_1.conda#85eb29ade84d1bd97be5ec55607efb00
https://conda.anaconda.org/conda-forge/noarch/pip-26.2.1-pyh8b19718_0.conda#77b6cf3b0689d9fc68561df0db9b856d
https://conda.anaconda.org/conda-forge/linux-64/pydantic-core-2.46.5-py312hc767a74_1.conda#2854d36e093d53d0cf81ec433ffd9c4c
https://conda.anaconda.org/conda-forge/linux-64/pynacl-1.6.2-py312hf34ed73_3.conda#6f66ed67355fc922de43ea352e90aed2
https://conda.anaconda.org/conda-forge/noarch/rich-15.0.0-pyhcf101f3_0.conda#0242025a3c804966bf71aa04eee82f66
https://conda.anaconda.org/conda-forge/linux-64/ta-lib-0.6.4-py312h4f23490_1.conda#d633f92eedec6b5ce89398ce6b3dcd18
https://conda.anaconda.org/conda-forge/noarch/urllib3-2.7.0-pyhd8ed1ab_0.conda#cbb88288f74dbe6ada1c6c7d0a97223e
https://conda.anaconda.org/conda-forge/noarch/uvicorn-0.52.4-pyhc90fa1f_0.conda#2bf4d228f4df09d3e2ebee46f3a9129e
https://conda.anaconda.org/conda-forge/noarch/botocore-1.43.83-pyhd8ed1ab_0.conda#9a70db0ee02ef102c89131fb6b38e821
https://conda.anaconda.org/conda-forge/noarch/email_validator-2.3.0-hd8ed1ab_0.conda#2452e434747a6b742adc5045f2182a8e
https://conda.anaconda.org/conda-forge/noarch/httpcore-1.0.9-pyh29332c3_0.conda#4f14640d58e2cc0aa0819d9d8ba125bb
https://conda.anaconda.org/conda-forge/noarch/pandas-ta-0.4.71b-pyhd8ed1ab_0.conda#e7b0da23ae24e6058e6fd15c82584f0e
https://conda.anaconda.org/conda-forge/noarch/paramiko-5.0.0-pyhd8ed1ab_0.conda#e7fa4da3b74ededb2fa7ab4171f63d21
https://conda.anaconda.org/conda-forge/noarch/pydantic-2.13.5-pyhcf101f3_0.conda#2d0f9304fc1cb1e3e94e7b37c14cd70a
https://conda.anaconda.org/conda-forge/noarch/requests-2.34.2-pyhcf101f3_0.conda#4a85203c1d80c1059086ae860836ffb9
https://conda.anaconda.org/conda-forge/noarch/rich-toolkit-0.20.3-pyhcf101f3_0.conda#3296ee717391681ab734f0a01c89ac85
https://conda.anaconda.org/conda-forge/noarch/starlette-1.6.0-pyhcf101f3_0.conda#7b7d3f2bcca2be53635bd4f1166b04a7
https://conda.anaconda.org/conda-forge/noarch/typer-0.27.2-pyhcf101f3_0.conda#d076f2370a590b3698399256b9b135e3
https://conda.anaconda.org/conda-forge/linux-64/watchfiles-1.2.0-py312h192e038_1.conda#2631cc5eddeb5d1b230d7e2e2a5f9a71
https://conda.anaconda.org/conda-forge/noarch/docker-py-7.2.0-pyhcf101f3_1.conda#b991b81539239b4bb0a1ffccfe186299
https://conda.anaconda.org/conda-forge/noarch/fastapi-core-0.141.1-pyhcf101f3_0.conda#a81b247d4f26223a8cfe8b502f24f8a0
https://conda.anaconda.org/conda-forge/noarch/httpx-0.28.1-pyhd8ed1ab_0.conda#d6989ead454181f4f9bc987d3dc4e285
https://conda.anaconda.org/conda-forge/noarch/pydantic-extra-types-2.11.1-pyhcf101f3_0.conda#96513760035d70917819a2840155d23a
https://conda.anaconda.org/conda-forge/noarch/pydantic-settings-2.15.0-pyhcf101f3_0.conda#687adac0b3eb2dd73762e9f912b4549e
https://conda.anaconda.org/conda-forge/noarch/s3transfer-0.19.2-pyhd8ed1ab_0.conda#5548801d61c206d492b85613a02a87e3
https://conda.anaconda.org/conda-forge/noarch/uvicorn-standard-0.52.4-h9be8d4e_0.conda#5b6380d0fb9f2615be1bd3481650b83d
https://conda.anaconda.org/conda-forge/noarch/boto3-1.43.83-pyhd8ed1ab_0.conda#0588eacfedfba364a5257ce3471445ea
https://conda.anaconda.org/conda-forge/noarch/fastapi-cli-0.0.32-pyhcf101f3_0.conda#873835dd2a01dd8844086f1cde2067ce
https://conda.anaconda.org/conda-forge/noarch/fastapi-0.141.1-h76d476e_0.conda#f17ba6ff4f4bd297242b084e798f2b98
# pip aiohappyeyeballs @ https://files.pythonhosted.org/packages/71/43/1947f06babed6b3f1d7f38b0c767f52df66bfb2bc10b468c4a7de9eceff2/aiohappyeyeballs-2.7.1-py3-none-any.whl#sha256=9243213661e29250eb41368e5daa826fc017156c3b8a11440826b2e3ed376472
# pip aioprocessing @ https://files.pythonhosted.org/packages/ea/7b/34129c3bb87078f37b1ca64b547e8669fdde00db9fa724f0b3a8ec54bb27/aioprocessing-2.0.1-py3-none-any.whl#sha256=8fcac4b0108b72eb9df76e06a9d7e05720ee1e8330829d3fd53fa059879be586
# pip asn1crypto @ https://files.pythonhosted.org/packages/c9/7f/09065fd9e27da0eda08b4d6897f1c13535066174cc023af248fc2a8d5e5a/asn1crypto-1.5.1-py2.py3-none-any.whl#sha256=db4e40728b728508912cbb3d44f19ce188f218e9eba635821bb4b68564f8fd67
# pip async-timeout @ https://files.pythonhosted.org/packages/a7/fa/e01228c2938de91d47b307831c62ab9e4001e747789d0b05baf779a6488c/async_timeout-4.0.3-py3-none-any.whl#sha256=7405140ff1230c310e51dc27b3145b9092d659ce68ff733fb0cefe3ee42be028
# pip asyncpg @ https://files.pythonhosted.org/packages/8c/d1/a867c2150f9c6e7af6462637f613ba67f78a314b00db220cd26ff559d532/asyncpg-0.31.0-cp312-cp312-manylinux_2_28_x86_64.whl#sha256=aad7a33913fb8bcb5454313377cc330fbb19a0cd5faa7272407d8a0c4257b671
# pip attrs @ https://files.pythonhosted.org/packages/64/b4/17d4b0b2a2dc85a6df63d1157e028ed19f90d4cd97c36717afef2bc2f395/attrs-26.1.0-py3-none-any.whl#sha256=c647aa4a12dfbad9333ca4e71fe62ddc36f4e63b2d260a37a8b83d2f043ac309
# pip base58 @ https://files.pythonhosted.org/packages/4a/45/ec96b29162a402fc4c1c5512d114d7b3787b9d1c2ec241d9568b4816ee23/base58-2.1.1-py3-none-any.whl#sha256=11a36f4d3ce51dfc1043f3218591ac4eb1ceb172919cebe05b52a5bcc8d245c2
# pip bech32 @ https://files.pythonhosted.org/packages/b6/41/7022a226e5a6ac7091a95ba36bad057012ab7330b9894ad4e14e31d0b858/bech32-1.2.0-py3-none-any.whl#sha256=990dc8e5a5e4feabbdf55207b5315fdd9b73db40be294a19b3752cde9e79d981
# pip bidict @ https://files.pythonhosted.org/packages/97/53/2a3c7d562271ec6b6e38e7216b3104899f8aa4180c0713cb8aaf69e29cd5/bidict-0.24.1-py3-none-any.whl#sha256=fd3eaa737917d8a14f4baa391670c433c4e3f6f5fd2cd99d4bf436437f432364
# pip bitarray @ https://files.pythonhosted.org/packages/9e/96/cb01be7ef83c45c2578c58735898375e5d43b32cec6b5e6e6c4081a6424a/bitarray-3.10.1-cp312-cp312-manylinux2014_x86_64.manylinux_2_17_x86_64.manylinux_2_28_x86_64.whl#sha256=cfaadcc4d72cb2855116ac7d164d62d87f668a43bc4f9034a21676688325ac80
# pip boltons @ https://files.pythonhosted.org/packages/e9/ba/cea118a16647cc72633c5236f6f11a09ab76b136b1aaccfa0d7004958428/boltons-26.1.0-py3-none-any.whl#sha256=1d966b165805b83600b31af9f0db672e3b3313d9de438e22708a94ac5f4c93de
# pip brotli @ https://files.pythonhosted.org/packages/03/a7/03aa61fbc3c5cbf99b44d158665f9b0dd3d8059be16c460208d9e385c837/brotli-1.2.0-cp312-cp312-manylinux2014_x86_64.manylinux_2_17_x86_64.whl#sha256=072e7624b1fc4d601036ab3f4f27942ef772887e876beff0301d261210bca97f
# pip cachetools @ https://files.pythonhosted.org/packages/e4/d8/767faeda872075724b95dd675466a645f1b92aadcdcf2d1429dcfd76c176/cachetools-7.1.7-py3-none-any.whl#sha256=ef98ef375ad188819ef2f9b3645e3987f4b8c5b7550e436ad998c2de78296df0
# pip cbor2 @ https://files.pythonhosted.org/packages/f0/a5/10c6c126d59b07f2bd005094dd12a20afa46146f7e2673ed6f61a57641a7/cbor2-6.1.4-cp312-cp312-manylinux_2_28_x86_64.whl#sha256=310f3dfb296ba48fe9b63c5cf26e691e3548a1eae6901d2f0c18e941d151f220
# pip cfgv @ https://files.pythonhosted.org/packages/db/3c/33bac158f8ab7f89b2e59426d5fe2e4f63f7ed25df84c036890172b412b5/cfgv-3.5.0-py2.py3-none-any.whl#sha256=a8dc6b26ad22ff227d2634a65cb388215ce6cc96bbcc5cfde7641ae87e8dacc0
# pip ckzg @ https://files.pythonhosted.org/packages/43/af/d0ed7c7b2babfa76e91190a90e8e1f93729d63370493c2c79acfe9002abe/ckzg-2.1.8-cp312-cp312-manylinux2014_x86_64.manylinux_2_17_x86_64.manylinux_2_28_x86_64.whl#sha256=10339d23e36b8a0a4e6fda7f6c72d6b2fd4e1506f7b64a661ba8c706ee33f335
# pip crcmod @ https://files.pythonhosted.org/packages/6b/b0/e595ce2a2527e169c3bcd6c33d2473c1918e0b7f6826a043ca1245dd4e5b/crcmod-1.7.tar.gz#sha256=dc7051a0db5f2bd48665a990d3ec1cc305a466a77358ca4492826f41f283601e
# pip cucumber-expressions @ https://files.pythonhosted.org/packages/ea/b1/fba2393968001b2307facb76e0bc47be5c67185df752a8f5b61926d26760/cucumber_expressions-20.1.0-py3-none-any.whl#sha256=640782ebaef82313dc64e4684d0e5c5efbab0611b23f0cfad64f90c7041cf73d
# pip cucumber-tag-expressions @ https://files.pythonhosted.org/packages/f8/2a/894aded5804c76cf148965721cb57fed0d923ddb2747a77c9147f20d58a9/cucumber_tag_expressions-11.0.1-py3-none-any.whl#sha256=8ee5433a3b1ad16ca607c905fa3bb6d85d57f087ba119b14ea5e82cd35ea98c5
# pip distlib @ https://files.pythonhosted.org/packages/02/08/9c41fb51ab5b43eb21674aff13df270e8ba6c4b29c8624e328dc7a9482af/distlib-0.4.3-py2.py3-none-any.whl#sha256=4b0ce306c966eb73bc3a7b6abad017c556dadd92c44701562cd528ac7fde4d5b
# pip ecpy @ https://files.pythonhosted.org/packages/e8/35/4a113189f7138035a21bd255d30dc7bffc77c942c93b7948d2eac2e22429/ECPy-1.2.5-py3-none-any.whl#sha256=559c92e42406d9d1a6b2b8fc26e6ad7bc985f33903b72f426a56cb1073a25ce3
# pip ed25519-blake2b-fork @ https://files.pythonhosted.org/packages/ae/98/748f1e4c86c3e627388a8079bd8d299d50ac66b254606cc2ddd96d07a283/ed25519_blake2b_fork-1.4.2-cp312-cp312-manylinux2014_x86_64.manylinux_2_17_x86_64.manylinux_2_28_x86_64.whl#sha256=e597df82ac012859210ff5303da5f4514b9ae68f1430d338e369d947a9300ce1
# pip executing @ https://files.pythonhosted.org/packages/c1/ea/53f2148663b321f21b5a606bd5f191517cf40b7072c0497d3c92c4a13b1e/executing-2.2.1-py2.py3-none-any.whl#sha256=760643d3452b4d777d295bb167ccc74c64a81df23fb5e08eff250c425a4b2017
# pip filelock @ https://files.pythonhosted.org/packages/01/a4/9b63d595d748e3aff8812b65eacc1a2c4bd90b7c2012e08e72373b4835eb/filelock-3.32.4-py3-none-any.whl#sha256=22e58ca3b1ae3b98993b762d7338367ae64fe50252bf78d59da3bfebcdf1cedd
# pip frozenlist @ https://files.pythonhosted.org/packages/6a/bd/d91c5e39f490a49df14320f4e8c80161cfcce09f1e2cde1edd16a551abb3/frozenlist-1.8.0-cp312-cp312-manylinux1_x86_64.manylinux_2_28_x86_64.manylinux_2_5_x86_64.whl#sha256=494a5952b1c597ba44e0e78113a7266e656b9794eec897b19ead706bd7074383
# pip greenlet @ https://files.pythonhosted.org/packages/78/ac/5c5b959999b6f09c3026b5dfe171575bc3121c5236ce74f495096f25b203/greenlet-3.5.5-cp312-cp312-manylinux_2_24_x86_64.manylinux_2_28_x86_64.whl#sha256=147b25a42e5ca5be3d42356e8f608b37af715a1c196e9bf9d1627f3341adfe1d
# pip hexbytes @ https://files.pythonhosted.org/packages/8d/e0/3b31492b1c89da3c5a846680517871455b30c54738486fc57ac79a5761bd/hexbytes-1.3.1-py3-none-any.whl#sha256=da01ff24a1a9a2b1881c4b85f0e9f9b0f51b526b379ffa23832ae7899d29c2c7
# pip identify @ https://files.pythonhosted.org/packages/94/84/d9273cd09688070a6523c4aee4663a8538721b2b755c4962aafae0011e72/identify-2.6.19-py2.py3-none-any.whl#sha256=20e6a87f786f768c092a721ad107fc9df0eb89347be9396cadf3f4abbd1fb78a
# pip jsonalias @ https://files.pythonhosted.org/packages/41/ed/05aebce69f78c104feff2ffcdd5a6f9d668a208aba3a8bf56e3750809fd8/jsonalias-0.1.1-py3-none-any.whl#sha256=a56d2888e6397812c606156504e861e8ec00e188005af149f003c787db3d3f18
# pip llvmlite @ https://files.pythonhosted.org/packages/cb/da/8341fd3056419441286c8e26bf436923021005ece0bff5f41906476ae514/llvmlite-0.44.0-cp312-cp312-manylinux_2_17_x86_64.manylinux2014_x86_64.whl#sha256=c0143a5ef336da14deaa8ec26c5449ad5b6a2b564df82fcef4be040b9cacfea9
# pip mccabe @ https://files.pythonhosted.org/packages/27/1a/1f68f9ba0c207934b35b86a8ca3aad8395a3d6dd7921c0686e23853ff5a9/mccabe-0.7.0-py2.py3-none-any.whl#sha256=6c2d30ab6be0e4a46919781807b4f0d834ebdd6c6e3dca0bda5a15f863427b6e
# pip mnemonic @ https://files.pythonhosted.org/packages/57/48/5abb16ce7f9d97b728e6b97c704ceaa614362e0847651f379ed0511942a0/mnemonic-0.21-py3-none-any.whl#sha256=72dc9de16ec5ef47287237b9b6943da11647a03fe7cf1f139fc3d7c4a7439288
# pip more-itertools @ https://files.pythonhosted.org/packages/e8/3d/1087453384dbde46a8c7f9356eead2c58be8a7bf156bca40243377c85715/more_itertools-11.1.0-py3-none-any.whl#sha256=4b65538ae22f6fed0ce4874efd317463a7489796a0939fa66824dd542125a192
# pip msgpack @ https://files.pythonhosted.org/packages/41/f0/29f591bea185616cf417645ac03bd3ad9b317483ad8572160e325f7fe777/msgpack-1.2.2-cp312-cp312-manylinux2014_x86_64.manylinux_2_17_x86_64.manylinux_2_28_x86_64.whl#sha256=77c2e018417dc1d66f235e383877ee885b60ade9d29e494dd581e08af2cb1923
# pip msgpack-python @ https://files.pythonhosted.org/packages/8a/20/6eca772d1a5830336f84aca1d8198e5a3f4715cd1c7fc36d3cc7f7185091/msgpack-python-0.5.6.tar.gz#sha256=378cc8a6d3545b532dfd149da715abae4fda2a3adb6d74e525d0d5e51f46909b
# pip multidict @ https://files.pythonhosted.org/packages/f3/8d/5e5be3ced1d12966fefb5c4ea3b2a5b480afcea36406559442c6e31d4a48/multidict-6.7.1-cp312-cp312-manylinux2014_x86_64.manylinux_2_17_x86_64.manylinux_2_28_x86_64.whl#sha256=bfde23ef6ed9db7eaee6c37dcec08524cb43903c60b285b172b6c094711b3961
# pip mypy-extensions @ https://files.pythonhosted.org/packages/79/7b/2c79738432f5c924bef5071f933bcc9efd0473bac3b4aa584a6f7c1c8df8/mypy_extensions-1.1.0-py3-none-any.whl#sha256=1be4cccdb0f2482337c4743e60421de3a356cd97508abadd57d47403e94f5505
# pip nodeenv @ https://files.pythonhosted.org/packages/88/b2/d0896bdcdc8d28a7fc5717c305f1a861c26e18c05047949fb371034d98bd/nodeenv-1.10.0-py2.py3-none-any.whl#sha256=5bb13e3eed2923615535339b3c620e76779af4cb4c6a90deccc9e36b274d3827
# pip numpy @ https://files.pythonhosted.org/packages/8c/3d/1e1db36cfd41f895d266b103df00ca5b3cbe965184df824dec5c08c6b803/numpy-2.2.6-cp312-cp312-manylinux_2_17_x86_64.manylinux2014_x86_64.whl#sha256=fd83c01228a688733f1ded5201c678f0c53ecc1006ffbc404db9f7a899ac6249
# pip objgraph @ https://files.pythonhosted.org/packages/8e/67/7bffbb861cb8a0a62b7df50738d35812bf40dc8bcc1559c04bdf593f1164/objgraph-3.6.2-py3-none-any.whl#sha256=8114c97712291c3ba30d882406a384d0a7651b307ea9a06e0d83836ccde85e15
# pip paho-mqtt @ https://files.pythonhosted.org/packages/c4/cb/00451c3cf31790287768bb12c6bec834f5d292eaf3022afc88e14b8afc94/paho_mqtt-2.1.0-py3-none-any.whl#sha256=6db9ba9b34ed5bc6b6e3812718c7e06e2fd7444540df2455d2c51bd58808feee
# pip parse @ https://files.pythonhosted.org/packages/6f/c5/7c16e99869e1f422629092cfd23e3b58e461988c3f9c36fd3624bb4142e6/parse-1.22.1-py2.py3-none-any.whl#sha256=20f0925a46f06602485ac90d751764d0697fd8455aaa97489ba8953a4b66de32
# pip platformdirs @ https://files.pythonhosted.org/packages/c7/12/6f3fcd5067a9cbf4f8664b32957973498da8b083455203c8d9cab83a725c/platformdirs-4.11.5-py3-none-any.whl#sha256=89f8d42695853b89c7170bd49bc3dc593f98a71e695ede88e06a3b247bc4563b
# pip propcache @ https://files.pythonhosted.org/packages/14/15/5574111ae50dd6e879456888c0eadd4c5a869959775854e18e18a6b345f3/propcache-0.5.2-cp312-cp312-manylinux2014_x86_64.manylinux_2_17_x86_64.manylinux_2_28_x86_64.whl#sha256=6f328175a2cde1f0ff2c4ed8ce968b9dcfb55f3a7153f39e2957ed994da13476
# pip protobuf @ https://files.pythonhosted.org/packages/e3/dd/cadd6ec43069247d91f6345fa7a0d2858bef6af366dbd7ba8f05d2c77d3b/protobuf-5.29.6-cp38-abi3-manylinux2014_x86_64.whl#sha256=e3387f44798ac1106af0233c04fb8abf543772ff241169946f698b3a9a3d3ab9
# pip psycopg2-binary @ https://files.pythonhosted.org/packages/b0/55/44df3965b5f297c50cc0b1b594a31c67d6127a9d133045b8a66611b14dfb/psycopg2_binary-2.9.12-cp312-cp312-manylinux2014_x86_64.manylinux_2_17_x86_64.whl#sha256=9fe06d93e72f1c048e731a2e3e7854a5bfaa58fc736068df90b352cefe66f03f
# pip py-sr25519-bindings @ https://files.pythonhosted.org/packages/0d/f4/29ad22dcf6a50ef0db355d81b8fbe3aa67fa42f6168b1f6245c8f8d6c34d/py_sr25519_bindings-0.2.4-cp312-cp312-manylinux_2_17_x86_64.manylinux2014_x86_64.whl#sha256=1919be5cb9e80544c838310e2902bd4a5f280c63f075a9f9713752eaab857e80
# pip pycodestyle @ https://files.pythonhosted.org/packages/d7/27/a58ddaf8c588a3ef080db9d0b7e0b97215cee3a45df74f3a94dbbf5c893a/pycodestyle-2.14.0-py2.py3-none-any.whl#sha256=dd6bf7cb4ee77f8e016f9c8e74a35ddd9f67e1d5fd4184d86c3b98e07099f42d
# pip pycryptodome @ https://files.pythonhosted.org/packages/5f/e9/a09476d436d0ff1402ac3867d933c61805ec2326c6ea557aeeac3825604e/pycryptodome-3.23.0-cp37-abi3-manylinux_2_17_x86_64.manylinux2014_x86_64.whl#sha256=c8987bd3307a39bc03df5c8e0e3d8be0c4c3518b7f044b0f4c15d1aa78f52575
# pip pycryptodomex @ https://files.pythonhosted.org/packages/c8/a9/8862616a85cf450d2822dbd4fff1fcaba90877907a6ff5bc2672cafe42f8/pycryptodomex-3.23.0-cp37-abi3-manylinux_2_17_x86_64.manylinux2014_x86_64.whl#sha256=f489c4765093fb60e2edafdf223397bc716491b2b69fe74367b70d6999257a5c
# pip pyflakes @ https://files.pythonhosted.org/packages/c2/2f/81d580a0fb83baeb066698975cb14a618bdbed7720678566f1b046a95fe8/pyflakes-3.4.0-py2.py3-none-any.whl#sha256=f742a7dbd0d9cb9ea41e9a24a918996e8170c799fa528688d40dd582c8265f4f
# pip pyjwt @ https://files.pythonhosted.org/packages/a3/5e/ecf12fdb62546d64385c158514e9b2b671f7832108ef2ecd2020ce0af2d1/pyjwt-2.13.0-py3-none-any.whl#sha256=66adcc2aff09b3f1bbd95fc1e1577df8ac8723c978552fd43304c8a290ac5728
# pip pyperclip @ https://files.pythonhosted.org/packages/df/80/fc9d01d5ed37ba4c42ca2b55b4339ae6e200b456be3a1aaddf4a9fa99b8c/pyperclip-1.11.0-py3-none-any.whl#sha256=299403e9ff44581cb9ba2ffeed69c7aa96a008622ad0c46cb575ca75b5b84273
# pip pyunormalize @ https://files.pythonhosted.org/packages/92/80/61512483dc509e3ae8a42fb143479d1e406ce1d91f8f08d538a3dde39c6d/pyunormalize-17.0.0-py3-none-any.whl#sha256=f0d93b076f938db2b26d319d04f2b58505d1cd7a80b5b72badbe7d1aa4d2a31c
# pip regex @ https://files.pythonhosted.org/packages/2a/8e/096d00c7c480ef2ff4265349b14e2261d4ab787ba1f74e2e80d1c58079c3/regex-2026.7.19-cp312-cp312-manylinux2014_x86_64.manylinux_2_17_x86_64.manylinux_2_28_x86_64.whl#sha256=9dce8ec9695f531a1b8a6f314fd4b393adcccf2ea861db480cdf97a301d01a68
# pip ruamel-yaml @ https://files.pythonhosted.org/packages/b8/0c/51f6841f1d84f404f92463fc2b1ba0da357ca1e3db6b7fbda26956c3b82a/ruamel_yaml-0.19.1-py3-none-any.whl#sha256=27592957fedf6e0b62f281e96effd28043345e0e66001f97683aa9a40c667c93
# pip safe-pysha3 @ https://files.pythonhosted.org/packages/bd/59/8d7f64a3eb6ebbde248cc0347a67d7825e2ba6edfa2bd180ebdfb599b3c5/safe_pysha3-1.0.5-cp312-cp312-manylinux2014_x86_64.manylinux_2_17_x86_64.manylinux_2_28_x86_64.whl#sha256=d137a73029c6c5a1db5791ae9fa62373827eee5226d19b79b836a6cf48b6b197
# pip tabulate @ https://files.pythonhosted.org/packages/40/44/4a5f08c96eb108af5cb50b41f76142f0afa346dfa99d5296fe7202a11854/tabulate-0.9.0-py3-none-any.whl#sha256=024ca478df22e9340661486f85298cff5f6dcdba14f3813e8830015b9ed1948f
# pip toolz @ https://files.pythonhosted.org/packages/fb/12/5911ae3eeec47800503a238d971e51722ccea5feb8569b735184d5fcdbc0/toolz-1.1.0-py3-none-any.whl#sha256=15ccc861ac51c53696de0a5d6d4607f99c210739caf987b5d2054f3efed429d8
# pip types-deprecated @ https://files.pythonhosted.org/packages/fe/e6/4e4d2a7d861ac277fbdce3d9a25ce5205f366bcc4e37c021eeb2017c160c/types_deprecated-1.3.1.20260728-py3-none-any.whl#sha256=d94b3e1db08db6a63ad0e8519e2da2b2d22843f015efa7bd83baef6aa99f7403
# pip types-six @ https://files.pythonhosted.org/packages/f7/b5/e955d46780884ab065dd2dca5a4c240585d0ea4c851e978d669e06b71abb/types_six-1.17.0.20260724-py3-none-any.whl#sha256=5076f03667e21f77b45c029c0aba0a4f5f0f0472c27fc102c8ec7bb68206ecf4
# pip types-urllib3 @ https://files.pythonhosted.org/packages/11/7b/3fc711b2efea5e85a7a0bbfe269ea944aa767bbba5ec52f9ee45d362ccf3/types_urllib3-1.26.25.14-py3-none-any.whl#sha256=9683bbb7fb72e32bfe9d2be6e04875fbe1b3eeec3cbb4ea231435aa7fd6b4f0e
# pip ujson @ https://files.pythonhosted.org/packages/bc/c4/9a34ade542426f56a0bc042f774073d1c247ae7575363c27587788cb2b2f/ujson-5.13.0-cp312-cp312-manylinux_2_24_x86_64.manylinux_2_28_x86_64.whl#sha256=ea7204e9fa7538bfbb1396e1ee8c2bbcd3818b3633ef5bb14d4fdea52994d14d
# pip urllib3 @ https://files.pythonhosted.org/packages/33/cf/8435d5a7159e2a9c83a95896ed596f68cf798005fe107cc655b5c5c14704/urllib3-1.26.20-py2.py3-none-any.whl#sha256=0ed14ccfbf1c30a9072c7ca157e4319b70d65f623e91e7b32fadb2853431016e
# pip wcwidth @ https://files.pythonhosted.org/packages/c4/0e/57f6bb3024a597b2e8ec4aee710ffe62ddc95af2e2bb1ee7a7abdc22c68c/wcwidth-0.8.3-py3-none-any.whl#sha256=d5b73dba6158a595ec9370350e7f2637bcac8d6c5e4fde34f30fcffb6103a5e4
# pip wrapt @ https://files.pythonhosted.org/packages/28/7f/cfd9bc4b1f5e424eeea83d0493e43f3b1b02707ce8e50c47945873982bd5/wrapt-2.3.0-cp312-cp312-manylinux1_x86_64.manylinux_2_28_x86_64.manylinux_2_5_x86_64.whl#sha256=5d221a6e6ddd302b8397433184e96b59f259f50024b854db1c411a881586b6b8
# pip x25519 @ https://files.pythonhosted.org/packages/f2/d1/66c637eb8e7a9601675bf7f04bb9a3015358a0f49e4c31d29a2b9a9d72d9/x25519-0.0.2-py3-none-any.whl#sha256=5c0833260a548bea9137a5a1b5c30334b751a59d148a62832df0c9e7b919ce99
# pip aiomqtt @ https://files.pythonhosted.org/packages/01/9e/5089fa596220bf0dc73deeb23db27904e4b3504986caf08571f6f5cb84a8/aiomqtt-2.5.1-py3-none-any.whl#sha256=fd58c3593160e4d475d90ce911cdfc4239cd64de96b0ba22edf6c86bd7afa278
# pip aiosignal @ https://files.pythonhosted.org/packages/fb/76/641ae371508676492379f16e2fa48f4e2c11741bd63c48be4b12a6b09cba/aiosignal-1.4.0-py3-none-any.whl#sha256=053243f8b92b990551949e63930a839ff0cf0b0ebbe0597b0f3fb19e1a0fe82e
# pip aiounittest @ https://files.pythonhosted.org/packages/20/b6/5a02761969f8bf2c8263ce413c6253cb51a7224559c45608fa8f83e00f3a/aiounittest-1.5.0-py3-none-any.whl#sha256=30e709730e010c7daa1a0e3ce7398beebd2977d4dbf0a2875b8ed55830ab9d34
# pip asyncssh @ https://files.pythonhosted.org/packages/3e/29/908ce0ca5e8cae76662e354a0f08df552d6d221844748b9e5ca06051cc44/asyncssh-2.24.0-py3-none-any.whl#sha256=9abd46300adcb6d4b73269b34c53cd0d17a138b9a22b5b38008ce7d5808734b7
# pip coincurve @ https://files.pythonhosted.org/packages/4a/3d/6a9bc32e69b738b5e05f5027bace1da6722352a4a447e495d3c03a601d99/coincurve-20.0.0-cp312-cp312-manylinux_2_17_x86_64.manylinux2014_x86_64.whl#sha256=c7ac025e485a0229fd5394e0bf6b4a75f8a4f6cee0dcf6f0b01a2ef05c5210ff
# pip cytoolz @ https://files.pythonhosted.org/packages/e1/93/c647bc3334355088c57351a536c2d4a83dd45f7de591fab383975e45bff9/cytoolz-1.1.0-cp312-cp312-manylinux2014_x86_64.manylinux_2_17_x86_64.manylinux_2_28_x86_64.whl#sha256=c7a98deb11ccd8e5d9f9441ef2ff3352aab52226a2b7d04756caaa53cd612363
# pip deprecated @ https://files.pythonhosted.org/packages/84/d0/205d54408c08b13550c733c4b85429e7ead111c7f0014309637425520a9a/deprecated-1.3.1-py2.py3-none-any.whl#sha256=597bfef186b6f60181535a29fbe44865ce137a5079f295b479886c82729d5f3f
# pip ecdsa @ https://files.pythonhosted.org/packages/cb/a3/460c57f094a4a165c84a1341c373b0a4f5ec6ac244b998d5021aade89b77/ecdsa-0.19.1-py2.py3-none-any.whl#sha256=30638e27cf77b7e15c4c4cc1973720149e1033827cfd00661ca5c8cc0cdb24c3
# pip eth-hash @ https://files.pythonhosted.org/packages/87/87/b36792150ca0b28e4df683a34be15a61461ca0e349e5b5cf3ec8f694edb9/eth_hash-0.8.0-py3-none-any.whl#sha256=523718a51b369ab89866b929a5c93c52978cd866ea309192ad980dd8271f9fac
# pip eth-typing @ https://files.pythonhosted.org/packages/30/72/c370bbe4c53da7bf998d3523f5a0f38867654923a82192df88d0705013d3/eth_typing-5.2.1-py3-none-any.whl#sha256=b0c2812ff978267563b80e9d701f487dd926f1d376d674f3b535cfe28b665d3d
# pip face @ https://files.pythonhosted.org/packages/0a/24/0159c48d19c8b05e6969ee809bbbecc5a5c863f7e38c9327e2c63cb06f0f/face-26.0.1-py3-none-any.whl#sha256=ab0a83c37c9789dce658a67a9a80eafaa113c9ec37c5a9d950ff5480542a062d
# pip flake8 @ https://files.pythonhosted.org/packages/9f/56/13ab06b4f93ca7cac71078fbe37fcea175d3216f31f85c3168a6bbd0bb9a/flake8-7.3.0-py2.py3-none-any.whl#sha256=b9696257b9ce8beb888cdbe31cf885c90d31928fe202be0889a7cdafad32f01e
# pip googleapis-common-protos @ https://files.pythonhosted.org/packages/e7/c8/e2645aa8ed02fd4c7a2f59d68783b65b1f3cbdfe39a6308e156509d1fee8/googleapis_common_protos-1.75.0-py3-none-any.whl#sha256=961ed60399c457ceb0ee8f285a84c870aabc9c6a832b9d37bb281b5bebde43ed
# pip grpcio @ https://files.pythonhosted.org/packages/bc/19/9fc702e31a631262d7a752fa699f6022821e707fefc8bff49b1550a57729/grpcio-1.83.1-cp312-cp312-manylinux2014_x86_64.manylinux_2_17_x86_64.whl#sha256=72578aa07a4008f17521ef52debcc3acfd1e2c5426243bc3ffb56a38bfe610b7
# pip isort @ https://files.pythonhosted.org/packages/65/3e/ef6f9247dd0b7faad0450883808c94b94f22fc254524b5b05b5c6c4f94b2/isort-9.0.1-cp312-cp312-manylinux2014_x86_64.manylinux_2_17_x86_64.manylinux_2_28_x86_64.whl#sha256=7a75d4c21d8b93345a2743b96cc75c6f085aa89ddbaadd6edd5e9765be12ab77
# pip numba @ https://files.pythonhosted.org/packages/9a/2d/e518df036feab381c23a624dac47f8445ac55686ec7f11083655eb707da3/numba-0.61.2-cp312-cp312-manylinux2014_x86_64.manylinux_2_17_x86_64.whl#sha256=5b1bb509d01f23d70325d3a5a0e237cbc9544dd50e50588bc581ba860c213546
# pip opentelemetry-api @ https://files.pythonhosted.org/packages/ca/6f/a04e900f465ff3221ccc395522503e2d10e79fa21f2723c8e177aae1e0d1/opentelemetry_api-1.44.0-py3-none-any.whl#sha256=94b98c893a91b88657eaac1e3ba89618cdb85be6918196705354f34728b2cdef
# pip opentelemetry-proto @ https://files.pythonhosted.org/packages/d1/7c/8be563d68e93bbefa5c8affb82ddcff91b3ad858ce49957ba7b16fd3e0ab/opentelemetry_proto-1.44.0-py3-none-any.whl#sha256=898b155a0e1557afd867478fb6158e8122a46329ca0bb8dc53cc55e98f017f56
# pip parse-type @ https://files.pythonhosted.org/packages/85/8d/eef3d8cdccc32abdd91b1286884c99b8c3a6d3b135affcc2a7a0f383bb32/parse_type-0.6.6-py2.py3-none-any.whl#sha256=3ca79bbe71e170dfccc8ec6c341edfd1c2a0fc1e5cfd18330f93af938de2348c
# pip parsimonious @ https://files.pythonhosted.org/packages/aa/0f/c8b64d9b54ea631fcad4e9e3c8dbe8c11bb32a623be94f22974c88e71eaf/parsimonious-0.10.0-py3-none-any.whl#sha256=982ab435fabe86519b57f6b35610aa4e4e977e9f02a14353edf4bbc75369fc0f
# pip prompt-toolkit @ https://files.pythonhosted.org/packages/54/6f/84908cad2d6aa5144abcf7b42709fe4fdb459bc640ec7ac5786e7693dabc/prompt_toolkit-3.0.53-py3-none-any.whl#sha256=01c0891d7f9237d5e339f7d3e42cdae80b7534abb1c7c0e3352efba6231492f2
# pip python-discovery @ https://files.pythonhosted.org/packages/43/5e/21abf578182fb15006a57faf3711a1e659e29d600d19b6e557eae908c81d/python_discovery-1.6.0-py3-none-any.whl#sha256=d4e244cf17b8b29819ed78003d55fbacf86eda23425b075454fff9271b79377a
# pip pytoniq-core-fork @ https://files.pythonhosted.org/packages/2b/5f/b967b7812438fd72b06c2a0d68299167d5d96147fb1af38ed65c91f00fbc/pytoniq_core_fork-0.1.48-py3-none-any.whl#sha256=248b0d0b2deffd6935599208ae587dc703fccf2756d735420e95804b5738177f
# pip scalecodec @ https://files.pythonhosted.org/packages/9f/e0/a080f62ccb71ace2330081badae678d2f5349078388459a60af927814695/scalecodec-1.2.12-py3-none-any.whl#sha256=b9de1a2d3d98b9e4285804478d8f5f13b3787ebc4d05625eb0054add7feebe45
# pip scipy @ https://files.pythonhosted.org/packages/df/64/ff35eb9e54894cf471ff4716abd3c81eb0a0626869217ce3e6ba4ccf17d7/scipy-1.18.1-cp312-cp312-manylinux_2_27_x86_64.manylinux_2_28_x86_64.whl#sha256=f55fa87b6c612ecd6b058f167c53231b1d14e412efe361d3d6e38b3631c73218
# pip solders @ https://files.pythonhosted.org/packages/a9/16/014a7b58d12332420947ae49ed7c7efd030c196d64d58a2944ebdc0f8a88/solders-0.29.0-cp310-abi3-manylinux_2_17_x86_64.manylinux2014_x86_64.whl#sha256=00524baf575ae5edb2ba43cdb1d80491c59efdc16b48fec96a6f929c0401d0e4
# pip sqlalchemy @ https://files.pythonhosted.org/packages/be/57/2eadf93a552568c57e8680b7e58bb5e9770d80942a1bdbaf4f2f63f0d7c8/sqlalchemy-2.0.52-cp312-cp312-manylinux2014_x86_64.manylinux_2_17_x86_64.manylinux_2_28_x86_64.whl#sha256=8738008376d22f30f411ea3efecf39b51110b6996d80bb73786f30bcfdd5fd3b
# pip types-requests @ https://files.pythonhosted.org/packages/5c/a1/6f8dc74d9069e790d604ddae70cb46dcbac668f1bb08136e7b0f2f5cd3bf/types_requests-2.31.0.6-py3-none-any.whl#sha256=a2db9cb228a81da8348b49ad6db3f5519452dd20a9c1e1a868c83c5fe88fd1a9
# pip yarl @ https://files.pythonhosted.org/packages/d6/d0/d56c859b8222116f5d68459199f48359e0bf121b6f65a69bf329b3602ba0/yarl-1.24.5-cp312-cp312-manylinux2014_x86_64.manylinux_2_17_x86_64.manylinux_2_28_x86_64.whl#sha256=f08c7513ecef5aad65687bfdf6bc601ae9fccd04a42904501f8f7141abad9eb9
# pip aiohttp @ https://files.pythonhosted.org/packages/52/b7/7cd31f29d6055bd711ae6e669367fba6f5ae9de463910a793e30556a8db7/aiohttp-3.14.3-cp312-cp312-manylinux2014_x86_64.manylinux_2_17_x86_64.manylinux_2_28_x86_64.whl#sha256=543906c127fb1d929b95076db19b83fa2d46751006ff1e23b093aa5ac4d8db42
# pip behave @ https://files.pythonhosted.org/packages/63/71/06f74ffed6d74525c5cd6677c97bd2df0b7649e47a249cf6a0c2038083b2/behave-1.3.3-py2.py3-none-any.whl#sha256=89bdb62af8fb9f147ce245736a5de69f025e5edfb66f1fbe16c5007493f842c0
# pip bip-utils @ https://files.pythonhosted.org/packages/da/2a/2101f9f60034df27df44ef7f64bef601e9187fac311088de9170837de41b/bip_utils-2.12.2-py3-none-any.whl#sha256=638856b9f40ee684c313bd4c7f00a16f322d25cb9236bd50f9e9f5751734dd97
# pip bip32 @ https://files.pythonhosted.org/packages/d8/b7/f971ff16f791a65a19f75ca0fe341d1ed7e56c99deae1bc7652c687dfa38/bip32-5.0.0-py3-none-any.whl#sha256=b20872795ae2bb4e5fac351f53ccdf2b998f82e927413922a2c5473a004bd6d0
# pip cchecksum @ https://files.pythonhosted.org/packages/76/d9/4509149db25a43c60eecfbd9266ed029589ea39950b6404a72ccd9f12938/cchecksum-0.4.5-cp312-cp312-manylinux2014_x86_64.manylinux_2_17_x86_64.manylinux_2_28_x86_64.whl#sha256=25b850209b39541e82973ea4926c6da26cafa8f49bc996ac5c6d4c030235ec7d
# pip eth-utils @ https://files.pythonhosted.org/packages/bf/4d/257cdc01ada430b8e84b9f2385c2553f33218f5b47da9adf0a616308d4b7/eth_utils-5.3.1-py3-none-any.whl#sha256=1f5476d8f29588d25b8ae4987e1ffdfae6d4c09026e476c4aad13b32dda3ead0
# pip glom @ https://files.pythonhosted.org/packages/a7/e6/4129d9a3baa72d747533bb33376543ccadd9a7f9944e5a6e3ae2e245f5d6/glom-25.12.0-py3-none-any.whl#sha256=b9f21e77f71a6576a43864e85066b8cc3f0f778d0d50961563f8981377a6dcb1
# pip grpcio-tools @ https://files.pythonhosted.org/packages/fd/aa/95bc77fda5c2d56fb4a318c1b22bdba8914d5d84602525c99047114de531/grpcio_tools-1.71.2-cp312-cp312-manylinux_2_17_x86_64.manylinux2014_x86_64.whl#sha256=b19c083198f5eb15cc69c0a2f2c415540cbc636bfe76cea268e5894f34023b40
# pip hdwallets @ https://files.pythonhosted.org/packages/00/59/a32262d70fbd013451c308d488aaa03d2d28cd693f18e7565e9010c5f7a9/hdwallets-0.1.2-py3-none-any.whl#sha256=455b55b061f2b356a93e305b0c2263a6007d2ed45e48749975f09308499a2fdb
# pip opentelemetry-exporter-otlp-proto-common @ https://files.pythonhosted.org/packages/5e/71/65fd9d54c10b860f87c045ccee1264cab7011268895d3528818a29c1172a/opentelemetry_exporter_otlp_proto_common-1.44.0-py3-none-any.whl#sha256=9a9fe61bba73d802904bc989f1d6b4a7b1ee40f06c40e98d6f85af65aaebb694
# pip opentelemetry-semantic-conventions @ https://files.pythonhosted.org/packages/a6/0e/49df70d9b81fb5cbae4bbf2a49d865b09bcbcbc4eb53f5851b1027738d78/opentelemetry_semantic_conventions-0.65b0-py3-none-any.whl#sha256=1cacde7b0ad306f84c5ef08c3dbe1bbaf20165bba6f8bff43b670e555a086bcb
# pip virtualenv @ https://files.pythonhosted.org/packages/95/f8/dcec8dc767b812193316c7debed1e2b53e586e59c267bfe517688ff90275/virtualenv-21.7.7-py3-none-any.whl#sha256=67a6a68fef3ad8ca16b8b89f33fd8f97996cc0bf0db31629d07ecf8dec539a2c
# pip xrpl-py @ https://files.pythonhosted.org/packages/1d/3c/65c853f906f5003c06c5e0cbc50e47bac2ecca17957a9d3a3d823efd8c38/xrpl_py-4.5.0-py3-none-any.whl#sha256=aa4720b5bf8070d8303346111f1095ec9afe13abdf49b2dc4b988d28ebc227ca
# pip aiohttp-retry @ https://files.pythonhosted.org/packages/1a/99/84ba7273339d0f3dfa57901b846489d2e5c2cd731470167757f1935fffbd/aiohttp_retry-2.9.1-py3-none-any.whl#sha256=66d2759d1921838256a05a3f80ad7e724936f083e35be5abb5e16eed6be6dc54
# pip aioresponses @ https://files.pythonhosted.org/packages/71/55/4c77cda7e69c1ac81a32e6895a361e0da9350eb7835a2ddb161a37ef1ce9/aioresponses-0.7.9-py2.py3-none-any.whl#sha256=94f9617f841c5bd7ee088ed783284f2cf4e6acc85d3933d92fc2fc7bd572a1b0
# pip eth-abi @ https://files.pythonhosted.org/packages/7d/ec/dd7efe731fb2b3bd22501b61af73d7f8c1076fbf0b4b81b1b283b0afca50/eth_abi-6.0.0-py3-none-any.whl#sha256=05ad63b50bd5448cfac0079b3cc5464de7464b4336a2496bf368d5808c7f9e9f
# pip eth-keys @ https://files.pythonhosted.org/packages/f9/f5/24806598664a2fbc65d5ed4f0e9e986e7f9061e3b43738412c8df7ba1cbd/eth_keys-0.8.0-py3-none-any.whl#sha256=a7b94222638cccbdf2b5dae5c365d883a96826d82bb0faeb56baa65375f514ae
# pip eth-pydantic-types @ https://files.pythonhosted.org/packages/ab/72/cc86a3c63c7050e343c9ede78d8cc2c50f335adf12a19431027f9707ad55/eth_pydantic_types-0.2.6-py3-none-any.whl#sha256=1675dd4982d856368a9de4397509008c0d1a1afd9a040f5e442f0bd67e97c2df
# pip geckoterminal-py @ https://files.pythonhosted.org/packages/f8/af/00745fcec035fd68d7cf7e5191adb51d4c8a1c4443f389ae952d7910fb7d/geckoterminal_py-0.3.1-py3-none-any.whl#sha256=fec3fd6a5639c7478005536f10ea7401d93e005d3b738d92f5f73a774183f2c7
# pip opentelemetry-instrumentation @ https://files.pythonhosted.org/packages/40/7b/85eab1215f72adf0e68d3dc4a679b9bff993fa679ff34cd8dd378e2659fd/opentelemetry_instrumentation-0.65b0-py3-none-any.whl#sha256=ea967a72b9939b5fcfdad572753b4306c59dcb99e3f382d95dae04286805e137
# pip opentelemetry-sdk @ https://files.pythonhosted.org/packages/e7/23/ff077e61886ee020a17ce9c8b6fa11c601c8d8345b09ea24f605445df62a/opentelemetry_sdk-1.44.0-py3-none-any.whl#sha256=df081c4c6bcfdb1211e3e86140376792643128a25f8d72d1d27675936e7e96ad
# pip pre-commit @ https://files.pythonhosted.org/packages/45/e2/bbb7129c9e7999a6b8ee9cca3b66486c25c423ab5a75f34071798b74ce94/pre_commit-4.6.2-py2.py3-none-any.whl#sha256=e2dde9a75d3bce11bd3831c26d134df00a2803c1d818be6a0383c3dcda25dc4e
# pip python-graphql-client @ https://files.pythonhosted.org/packages/94/23/20e60e8ce635aaef99962e3d1d0f0b3e0e9632e1bd0aeb6b6cb8436a1fa3/python_graphql_client-0.4.3-py3-none-any.whl#sha256=c5eb996702acf46110b352f61819c46065ea4f4f106158535cd471e66490b25e
# pip rlp @ https://files.pythonhosted.org/packages/a7/35/26ea7adca149e506bb03c50ade0c4d96cf269e6fc13a2b3f726d65905ffb/rlp-5.0.0-py3-none-any.whl#sha256=9525fb895d3a6540b7401eadd11c1b64740a5eccb82e543ac7e9735d319b0977
# pip aptos-sdk @ https://files.pythonhosted.org/packages/7e/29/40f6d8cf52048597f92ae9e6d27f4ca05232905bbfa6b1b7d382db2f4588/aptos_sdk-0.11.0-py3-none-any.whl#sha256=bc463ad72b68d277872f86d945c31300b2a90184a959530e98f717cc058b089a
# pip eth-keyfile @ https://files.pythonhosted.org/packages/88/fc/48a586175f847dd9e05e5b8994d2fe8336098781ec2e9836a2ad94280281/eth_keyfile-0.8.1-py3-none-any.whl#sha256=65387378b82fe7e86d7cb9f8d98e6d639142661b2f6f490629da09fddbef6d64
# pip eth-rlp @ https://files.pythonhosted.org/packages/ab/35/a3071f2a7ee701f99c8562865edbc426991d0964543d2947901b4135f259/eth_rlp-3.0.0-py3-none-any.whl#sha256=32f355261c36ad2c369db098170f873123795667e50d496b034f369e2c9d2346
# pip opentelemetry-exporter-otlp-proto-http @ https://files.pythonhosted.org/packages/cd/d0/fdeb1a98d8d3a6205f5f297c51b4a9bfe65126ab60339669bbe3dd54c2e2/opentelemetry_exporter_otlp_proto_http-1.44.0-py3-none-any.whl#sha256=838592fce774c1c8bb7b9a0a7facbfa82e17be5a8a4e94cef10cb84ae026bae3
# pip opentelemetry-instrumentation-system-metrics @ https://files.pythonhosted.org/packages/23/9e/90c142f60d91c80b725b5830cf02d1ab91344611e857427fec048695579f/opentelemetry_instrumentation_system_metrics-0.65b0-py3-none-any.whl#sha256=48ef6c8f5924f391d07c073a40c7018874046703477e538fbe64ff37af196cf0
# pip decibel-python-sdk @ https://files.pythonhosted.org/packages/46/d6/58a89de3582417a6f75c0e5bfd4f3a9c60d569339d2ad08c50ad5cf9b566/decibel_python_sdk-0.2.1-py3-none-any.whl#sha256=3c778693374d91c46f3ca044af98f9a16a4e342b5704aa122be46b95d0753c73
# pip eth-account @ https://files.pythonhosted.org/packages/46/18/088fb250018cbe665bc2111974301b2d59f294a565aff7564c4df6878da2/eth_account-0.13.7-py3-none-any.whl#sha256=39727de8c94d004ff61d10da7587509c04d2dc7eac71e04830135300bdfc6d24
# pip logfire @ https://files.pythonhosted.org/packages/fc/e1/ee33bf0e3f85c00a4235c8c9c4e23f3955154d842f15f0377936461ec6a3/logfire-4.41.0-py3-none-any.whl#sha256=5bae36637aef81eeee6bfa5d764bf3cff0755af613a4888fd0ae4a656cd2451e
# pip eip712 @ https://files.pythonhosted.org/packages/fc/d3/56e16f54b37bf013c304c66d6cdbe9f1ba8fe7799166873721d4e3519273/eip712-0.3.3-py3-none-any.whl#sha256=45113f0d9aa85d5ef8b415957f962b58f47c5f9343998865ec831ad6c604aa21
# pip lighter-sdk @ https://files.pythonhosted.org/packages/59/ff/bec31e0ab8b34181617752bc58d013fb2fb1c968a12a5bfe5c3be09fd54e/lighter_sdk-1.0.8-py3-none-any.whl#sha256=a761b4eee0ef8ac39adae9c986f79ed5a0e02343f492ee9dcaa0cbe19986d0bb
# pip web3 @ https://files.pythonhosted.org/packages/df/f1/ac3d3e9021fc73ab2c8ecae2b2e51f6e0642f56f7610678f8c199a631c4c/web3-7.5.0-py3-none-any.whl#sha256=16fea8ee9c042a60edfdc2388c4d2c0177a9be383c76a4913cf9acb156df1954
# pip injective-py @ https://files.pythonhosted.org/packages/d7/53/8bee94069be856eabaad85fb0cb09f62a036c1db27a91ee5f502208c12c1/injective_py-1.16.0-py3-none-any.whl#sha256=d1df230b00ff4775971b383dbcd4bf27848abee2fa245f5aa837fe9bcc607ea5
# pip hummingbot @ git+https://github.com/hummingbot/hummingbot.git@2bfaccc48dd49e71a5b6d9b3011808e127dd00cd
